
Microsoft Visual Studio Solution File, Format Version 12.00
# Visual Studio Version 17
VisualStudioVersion = 17.10.35013.160
MinimumVisualStudioVersion = 10.0.40219.1
Project("{FAE04EC0-301F-11D3-BF4B-00C04F79EFBC}") = "WepAPICoreTasksDayOne", "WepAPICoreTasksDayOne\WepAPICoreTasksDayOne.csproj", "{91EBB15D-42D0-4EDD-B724-B842652FB901}"
EndProject
Global
	GlobalSection(SolutionConfigurationPlatforms) = preSolution
		Debug|Any CPU = Debug|Any CPU
		Release|Any CPU = Release|Any CPU
	EndGlobalSection
	GlobalSection(ProjectConfigurationPlatforms) = postSolution
		{91EBB15D-42D0-4EDD-B724-B842652FB901}.Debug|Any CPU.ActiveCfg = Debug|Any CPU
		{91EBB15D-42D0-4EDD-B724-B842652FB901}.Debug|Any CPU.Build.0 = Debug|Any CPU
		{91EBB15D-42D0-4EDD-B724-B842652FB901}.Release|Any CPU.ActiveCfg = Release|Any CPU
		{91EBB15D-42D0-4EDD-B724-B842652FB901}.Release|Any CPU.Build.0 = Release|Any CPU
	EndGlobalSection
	GlobalSection(SolutionProperties) = preSolution
		HideSolutionNode = FALSE
	EndGlobalSection
	GlobalSection(ExtensibilityGlobals) = postSolution
		SolutionGuid = {E549545F-93C7-48D1-B0E7-EFA4CD3A18FC}
	EndGlobalSection
EndGlobal
